// !$*UTF8*$!
{
	archiveVersion = 1;
	classes = {
	};
	objectVersion = 77;
	objects = {

/* Begin PBXBuildFile section */
		04ABF34CEB3F37ED07884B72 /* DeletedNote.swift in Sources */ = {isa = PBXBuildFile; fileRef = CBBC020E25BCB11B9BAEA348 /* DeletedNote.swift */; };
		06B4B67ABE65F6B7E91263DB /* logger.js in Resources */ = {isa = PBXBuildFile; fileRef = 2D1BC66E825FCA59E6265BA0 /* logger.js */; };
		08DA95CC567BE3D0EF366883 /* NotesListView.swift in Sources */ = {isa = PBXBuildFile; fileRef = 47D76C86E30A5062CAF94D0A /* NotesListView.swift */; };
		08E355BA0F55B6147B818BB7 /* ContentView.swift in Sources */ = {isa = PBXBuildFile; fileRef = 899BCC1A64E0C7397963A22B /* ContentView.swift */; };
		0CCDEBB4DB6B30FF58A99676 /* NetworkLogger.swift in Sources */ = {isa = PBXBuildFile; fileRef = C50C112F6B4452CE0180EB74 /* NetworkLogger.swift */; };
		0F5F13DCEB36876EE87B5D2B /* WebEditorContext.swift in Sources */ = {isa = PBXBuildFile; fileRef = 1B325C84FAE102FC3949E0D9 /* WebEditorContext.swift */; };
		139578205178D209C7B19D54 /* OfflineOperationsProgressView.swift in Sources */ = {isa = PBXBuildFile; fileRef = D985EA418D15EBCC4B8D3954 /* OfflineOperationsProgressView.swift */; };
		13A3D0BE46C8453AE5A5AC57 /* DatabaseService.swift in Sources */ = {isa = PBXBuildFile; fileRef = 02B1D7E624DF253C07C01376 /* DatabaseService.swift */; };
		18021F0E3CE77ABC9062D4DD /* OfflineOperationQueue.swift in Sources */ = {isa = PBXBuildFile; fileRef = F9D1C6CACE3C147825607106 /* OfflineOperationQueue.swift */; };
		1B08E6568B52420DBD7DB1F6 /* xml-to-html.js in Resources */ = {isa = PBXBuildFile; fileRef = E53473BAEDF5B80BBCE0E138 /* xml-to-html.js */; };
		1DF15B463E6D141AD6A04E0D /* NetworkMonitor.swift in Sources */ = {isa = PBXBuildFile; fileRef = 19CE08A1CDCF94C551D20E51 /* NetworkMonitor.swift */; };
		1EF734C3CCAC409ED6D83B08 /* PrivateNotesPasswordManager.swift in Sources */ = {isa = PBXBuildFile; fileRef = 67917212F5E4E25DAC1323B8 /* PrivateNotesPasswordManager.swift */; };
		20BB627F98823947C2399384 /* NoteHistoryVersion.swift in Sources */ = {isa = PBXBuildFile; fileRef = 893322552395E9A65891443B /* NoteHistoryVersion.swift */; };
		21D18111453D5C66791D221D /* MiNoteLibrary.framework in Frameworks */ = {isa = PBXBuildFile; fileRef = 330447DDB151694673431B9E /* MiNoteLibrary.framework */; };
		22C94CA469B328552068483E /* CookieRefreshView.swift in Sources */ = {isa = PBXBuildFile; fileRef = 9C5B9382487C27C0DCE9537A /* CookieRefreshView.swift */; };
		2C31F05FF943E69F38DC2B94 /* post-fixer.js in Resources */ = {isa = PBXBuildFile; fileRef = A1C4E037258B408823B836F9 /* post-fixer.js */; };
		2DC8B9EE250FBC96BD8A60F1 /* position.js in Resources */ = {isa = PBXBuildFile; fileRef = 0873DF4D533393A23BC9A7ED /* position.js */; };
		2E5AA27233094706C852A3EB /* SearchFilterPopoverView.swift in Sources */ = {isa = PBXBuildFile; fileRef = 656CF1ABBE00D47C91C58825 /* SearchFilterPopoverView.swift */; };
		30E42EC264E33F072E754940 /* format.js in Resources */ = {isa = PBXBuildFile; fileRef = 5CEDFC3A4E1683942C638AA6 /* format.js */; };
		380B5C22603CD7A73FCA7048 /* dom-writer.js in Resources */ = {isa = PBXBuildFile; fileRef = C2A7E0D6082D1B95BF67884B /* dom-writer.js */; };
		3CAF3AEA0D295ECC053CFB20 /* utils.js in Resources */ = {isa = PBXBuildFile; fileRef = 8DABBA558AF7A542954D34B0 /* utils.js */; };
		42B3F129C0F3CD9494816807 /* format-commands.js in Resources */ = {isa = PBXBuildFile; fileRef = 3092A97CC0447E6037F29D7D /* format-commands.js */; };
		45881967D52E9420F5F8DE5F /* editor.html in Resources */ = {isa = PBXBuildFile; fileRef = 05E7B38F6108DA4E6A03089C /* editor.html */; };
		46146E87652EBF78CBD635C8 /* MiNoteService.swift in Sources */ = {isa = PBXBuildFile; fileRef = 587A0C9CB4BD8A71F364C4E7 /* MiNoteService.swift */; };
		4819A522D039D6F700CED689 /* manager.js in Resources */ = {isa = PBXBuildFile; fileRef = E96848A89E889965E1FD0F45 /* manager.js */; };
		49180BDC746E4820429FD773 /* Folder.swift in Sources */ = {isa = PBXBuildFile; fileRef = C2707995632193C250FB2E95 /* Folder.swift */; };
		4F83BF03D00F6546DEFF8774 /* enter-handler.js in Resources */ = {isa = PBXBuildFile; fileRef = FD207EE8B8B6BA3F68642127 /* enter-handler.js */; };
		54D0D41F656932E9F1BFCBB2 /* PrivateNotesVerificationView.swift in Sources */ = {isa = PBXBuildFile; fileRef = 267049352DAE9188F208C3CD /* PrivateNotesVerificationView.swift */; };
		56205409C6CC29995B590BEB /* MiNoteToolbarItem.swift in Sources */ = {isa = PBXBuildFile; fileRef = 69CFDE04E9E0F11ADB6BA523 /* MiNoteToolbarItem.swift */; };
		595CD8D08A87782300E7850E /* test-cursor.html in Resources */ = {isa = PBXBuildFile; fileRef = CF861A44261EC4A460445881 /* test-cursor.html */; };
		5BA06AC75EFE646E631E0A69 /* UserProfile.swift in Sources */ = {isa = PBXBuildFile; fileRef = ABFACD279C6322F4D5D253AA /* UserProfile.swift */; };
		615881628A721CC39363FC3B /* NewNoteView.swift in Sources */ = {isa = PBXBuildFile; fileRef = D3119E8C539E7C9A6BA2EACC /* NewNoteView.swift */; };
		67B51E3FF8FED57EB63E000F /* SyncService.swift in Sources */ = {isa = PBXBuildFile; fileRef = 56F5EDD8E69C0A0FFA4F2732 /* SyncService.swift */; };
		67BEA8E05D3C27BF275623E3 /* WebFormatMenuView.swift in Sources */ = {isa = PBXBuildFile; fileRef = BC6D721B06B0AC3EC5F7F400 /* WebFormatMenuView.swift */; };
		69AC7E2D4C9A4F313C1AC785 /* ToolbarIdentifiers.swift in Sources */ = {isa = PBXBuildFile; fileRef = 93F58175B8166C1178A6C65F /* ToolbarIdentifiers.swift */; };
		77440C573F9033B3E19C82F4 /* NoteDetailWindowView.swift in Sources */ = {isa = PBXBuildFile; fileRef = 811806EC0E2194915D9D09EF /* NoteDetailWindowView.swift */; };
		7D738C3CEFA0A5BDAFB35D29 /* NotesListViewController.swift in Sources */ = {isa = PBXBuildFile; fileRef = B509D524C565BBD4F8EB495F /* NotesListViewController.swift */; };
		854B3DE3823E519D0CACD8BA /* SilentCookieRefreshManager.swift in Sources */ = {isa = PBXBuildFile; fileRef = 898C9309B77A6A5420C38CD3 /* SilentCookieRefreshManager.swift */; };
		86C6AB80FFE52419D0A00654 /* index.js in Resources */ = {isa = PBXBuildFile; fileRef = D04FB39FE156910F809839C7 /* index.js */; };
		86E3C186412052CE4FAACE6A /* MiNoteLibrary.framework in Embed Frameworks */ = {isa = PBXBuildFile; fileRef = 330447DDB151694673431B9E /* MiNoteLibrary.framework */; settings = {ATTRIBUTES = (CodeSignOnCopy, RemoveHeadersOnCopy, ); }; };
		87F4D57925A5A920320D773A /* MemoryCacheManager.swift in Sources */ = {isa = PBXBuildFile; fileRef = 72E5D90179534FDB1FCB4D3B /* MemoryCacheManager.swift */; };
		8A2C981878DCE366A3D9C201 /* AuthenticationStateManager.swift in Sources */ = {isa = PBXBuildFile; fileRef = CCDFFDADBC26BAD5769E0663 /* AuthenticationStateManager.swift */; };
		8BD76061009C76B4112E81C4 /* NetworkLogView.swift in Sources */ = {isa = PBXBuildFile; fileRef = 028A0CD24BAB7BF46FFBB48A /* NetworkLogView.swift */; };
		8C460A8A16B1460FA3980AE2 /* converter.js in Resources */ = {isa = PBXBuildFile; fileRef = 36E1DCA83D1D4EDD382A1431 /* converter.js */; };
		8E224940EA8DAD943B779435 /* constants.js in Resources */ = {isa = PBXBuildFile; fileRef = 6853075177D064F22A52217D /* constants.js */; };
		8EC27E72E7C0EF2AAD95BF84 /* TitleEditorView.swift in Sources */ = {isa = PBXBuildFile; fileRef = 8EF6707EE2D91F9759ED9DF6 /* TitleEditorView.swift */; };
		90091F8C80321F3D5A7D0F26 /* OfflineOperationProcessor.swift in Sources */ = {isa = PBXBuildFile; fileRef = 923F59BDC12096B1079DCCAC /* OfflineOperationProcessor.swift */; };
		920B98155C18DEF2849CD800 /* AppDelegate.swift in Sources */ = {isa = PBXBuildFile; fileRef = 533E3B8250B026616EAA01E7 /* AppDelegate.swift */; };
		96E9B51978B592EA7FE05B4C /* ContentView.swift.backup in Resources */ = {isa = PBXBuildFile; fileRef = EB7DA1260B29B5C7649DE73D /* ContentView.swift.backup */; };
		9BCD207D7B2B39AF4505E2F5 /* Assets.xcassets in Resources */ = {isa = PBXBuildFile; fileRef = 7E78992CF7765CE27B05A0BF /* Assets.xcassets */; };
		9DF9AB9CC71A52C3714C76D1 /* WebEditorWrapper.swift in Sources */ = {isa = PBXBuildFile; fileRef = 14341E6F50CEB67D65922396 /* WebEditorWrapper.swift */; };
		A13B020ABBDB66D9C2EA0B9C /* NotesViewModel.swift in Sources */ = {isa = PBXBuildFile; fileRef = 019A488CCA2E1E21AF8361E0 /* NotesViewModel.swift */; };
		A50D35F35B68BEB7442EDFD4 /* editor-api.js in Resources */ = {isa = PBXBuildFile; fileRef = D1242BCD0C14D74FC284EE21 /* editor-api.js */; };
		ADD0146E1BE937721204470A /* command.js in Resources */ = {isa = PBXBuildFile; fileRef = 326B6CDEA90A138001CE28BE /* command.js */; };
		AE321F1F3598F5F63850CF7A /* NoteDetailView.swift in Sources */ = {isa = PBXBuildFile; fileRef = D0E57318E0E7816DE9095F9F /* NoteDetailView.swift */; };
		AF1776F02B8D6C2D5F5DCF08 /* SaveQueueManager.swift in Sources */ = {isa = PBXBuildFile; fileRef = 65F4CA4C377B8F6432830973 /* SaveQueueManager.swift */; };
		AFD69864EB89AA892CE7163B /* schema.js in Resources */ = {isa = PBXBuildFile; fileRef = 500355D503C6A92884FBE6EB /* schema.js */; };
		B1126FD8C91399CA66D798E5 /* DebugSettingsView.swift in Sources */ = {isa = PBXBuildFile; fileRef = 7D618654ECC216026290166E /* DebugSettingsView.swift */; };
		B3B66545FA4D9A18E16362C9 /* test_conversion.html in Resources */ = {isa = PBXBuildFile; fileRef = 5AD7737B17EA30B449AC8E0B /* test_conversion.html */; };
		C0328B947841B1610C9635A5 /* SidebarViewController.swift in Sources */ = {isa = PBXBuildFile; fileRef = 632AE8138B187A2F6ED09E76 /* SidebarViewController.swift */; };
		C69E97846A87C206C3894839 /* TrashView.swift in Sources */ = {isa = PBXBuildFile; fileRef = 8EDA3A1944D58E986F09ACC2 /* TrashView.swift */; };
		D45B1D189AB9CF4C5B54DF18 /* PrivateNotesPasswordInputDialogView.swift in Sources */ = {isa = PBXBuildFile; fileRef = 74F278F5BBD4B70EA041DA41 /* PrivateNotesPasswordInputDialogView.swift */; };
		D4C433F7392D5562CA17466D /* App.swift in Sources */ = {isa = PBXBuildFile; fileRef = 3B00E144F0064250DE47B3E8 /* App.swift */; };
		DA77A42F8FDBD2DCB66D4E32 /* Note.swift in Sources */ = {isa = PBXBuildFile; fileRef = AF646372B5CED37C5970C887 /* Note.swift */; };
		DAD3F0D38E114C0631F9F25B /* LocalStorageService.swift in Sources */ = {isa = PBXBuildFile; fileRef = 59F444DD3ECD304A51795C2D /* LocalStorageService.swift */; };
		DEAA2E4DCB56E13E68C2E4DF /* MoveNoteView.swift in Sources */ = {isa = PBXBuildFile; fileRef = BFF8E96AA0D85782AEBF114E /* MoveNoteView.swift */; };
		E2170B942DACD395A5AFC5F0 /* editor-core.js in Resources */ = {isa = PBXBuildFile; fileRef = 66D2F6355137DF2A36AB43A1 /* editor-core.js */; };
		E32BB00C6556002C93504A3C /* editor.html.backup in Resources */ = {isa = PBXBuildFile; fileRef = 21ABB7492D465FD413582C52 /* editor.html.backup */; };
		E7F4F8DCB84703B1AC74BAB5 /* NoteDetailViewController.swift in Sources */ = {isa = PBXBuildFile; fileRef = 9068384E480C43A4782447D5 /* NoteDetailViewController.swift */; };
		E85A359AAEEA6FDDBE598B6E /* MainWindowController.swift in Sources */ = {isa = PBXBuildFile; fileRef = 9F2C615735DE267A1EAE380A /* MainWindowController.swift */; };
		E9C17037119996030211EA52 /* selection.js in Resources */ = {isa = PBXBuildFile; fileRef = CA2495E26B536E5D534F7166 /* selection.js */; };
		EAA410BF9B12066935AB9F60 /* editor-init.js in Resources */ = {isa = PBXBuildFile; fileRef = 1A7658B8BAA53B9D317693F7 /* editor-init.js */; };
		EADD025D0D4A5C156FAC563C /* LoginView.swift in Sources */ = {isa = PBXBuildFile; fileRef = 97270EFAE55440EEDAA01661 /* LoginView.swift */; };
		EC528F2178C1391F42AD260B /* WebEditorView.swift in Sources */ = {isa = PBXBuildFile; fileRef = CAD77259664AE993C6B5E2C0 /* WebEditorView.swift */; };
		ED3380E44C8C2DC16B402666 /* ContentView.swift.before-toolbar-fix in Resources */ = {isa = PBXBuildFile; fileRef = 211F36DFAED7D1F3F3021307 /* ContentView.swift.before-toolbar-fix */; };
		F511BA2AB66C264174ED8BD4 /* SettingsView.swift in Sources */ = {isa = PBXBuildFile; fileRef = 37620C953116D1808597F0E2 /* SettingsView.swift */; };
		F6443DE63F084A3D5C30E780 /* html-to-xml.js in Resources */ = {isa = PBXBuildFile; fileRef = F093E6D53768A49E34C7A67B /* html-to-xml.js */; };
		F809C6D6D90E023552ADD361 /* NoteHistoryView.swift in Sources */ = {isa = PBXBuildFile; fileRef = B687C7C496523D030C6BF1E8 /* NoteHistoryView.swift */; };
		F88CEF3DE968EF9C470B0DA7 /* SearchFilterMenuContent.swift in Sources */ = {isa = PBXBuildFile; fileRef = 97970D72282389A8D20C6FE6 /* SearchFilterMenuContent.swift */; };
		FCBE7E18A4C05938D23B1568 /* MiNoteService+Encryption.swift in Sources */ = {isa = PBXBuildFile; fileRef = 472605C7F497F10AA75729E8 /* MiNoteService+Encryption.swift */; };
		FEBAABB084C90F3A265BCA3F /* OnlineStatusIndicator.swift in Sources */ = {isa = PBXBuildFile; fileRef = A04FD1339788ACE36FA29BB7 /* OnlineStatusIndicator.swift */; };
		FF05111DF3CFC20FD2668C49 /* cursor.js in Resources */ = {isa = PBXBuildFile; fileRef = 078D4E571F6E47E59B01D8D1 /* cursor.js */; };
/* End PBXBuildFile section */

/* Begin PBXContainerItemProxy section */
		A769861F3EDD6FB8EA164C3E /* PBXContainerItemProxy */ = {
			isa = PBXContainerItemProxy;
			containerPortal = 81355B570EBB2374DE65DBBC /* Project object */;
			proxyType = 1;
			remoteGlobalIDString = 232A4CD56DA5C94820886B74;
			remoteInfo = MiNoteLibrary;
		};
/* End PBXContainerItemProxy section */

/* Begin PBXCopyFilesBuildPhase section */
		2D69F786639E49791BAEDE19 /* Embed Frameworks */ = {
			isa = PBXCopyFilesBuildPhase;
			buildActionMask = 2147483647;
			dstPath = "";
			dstSubfolderSpec = 10;
			files = (
				86E3C186412052CE4FAACE6A /* MiNoteLibrary.framework in Embed Frameworks */,
			);
			name = "Embed Frameworks";
			runOnlyForDeploymentPostprocessing = 0;
		};
/* End PBXCopyFilesBuildPhase section */

/* Begin PBXFileReference section */
		019A488CCA2E1E21AF8361E0 /* NotesViewModel.swift */ = {isa = PBXFileReference; lastKnownFileType = sourcecode.swift; path = NotesViewModel.swift; sourceTree = "<group>"; };
		028A0CD24BAB7BF46FFBB48A /* NetworkLogView.swift */ = {isa = PBXFileReference; lastKnownFileType = sourcecode.swift; path = NetworkLogView.swift; sourceTree = "<group>"; };
		02B1D7E624DF253C07C01376 /* DatabaseService.swift */ = {isa = PBXFileReference; lastKnownFileType = sourcecode.swift; path = DatabaseService.swift; sourceTree = "<group>"; };
		05E7B38F6108DA4E6A03089C /* editor.html */ = {isa = PBXFileReference; lastKnownFileType = text.html; path = editor.html; sourceTree = "<group>"; };
		078D4E571F6E47E59B01D8D1 /* cursor.js */ = {isa = PBXFileReference; lastKnownFileType = sourcecode.javascript; path = cursor.js; sourceTree = "<group>"; };
		0873DF4D533393A23BC9A7ED /* position.js */ = {isa = PBXFileReference; lastKnownFileType = sourcecode.javascript; path = position.js; sourceTree = "<group>"; };
		14341E6F50CEB67D65922396 /* WebEditorWrapper.swift */ = {isa = PBXFileReference; lastKnownFileType = sourcecode.swift; path = WebEditorWrapper.swift; sourceTree = "<group>"; };
		19CE08A1CDCF94C551D20E51 /* NetworkMonitor.swift */ = {isa = PBXFileReference; lastKnownFileType = sourcecode.swift; path = NetworkMonitor.swift; sourceTree = "<group>"; };
		1A7658B8BAA53B9D317693F7 /* editor-init.js */ = {isa = PBXFileReference; lastKnownFileType = sourcecode.javascript; path = "editor-init.js"; sourceTree = "<group>"; };
		1B325C84FAE102FC3949E0D9 /* WebEditorContext.swift */ = {isa = PBXFileReference; lastKnownFileType = sourcecode.swift; path = WebEditorContext.swift; sourceTree = "<group>"; };
		211F36DFAED7D1F3F3021307 /* ContentView.swift.before-toolbar-fix */ = {isa = PBXFileReference; path = "ContentView.swift.before-toolbar-fix"; sourceTree = "<group>"; };
		21ABB7492D465FD413582C52 /* editor.html.backup */ = {isa = PBXFileReference; path = editor.html.backup; sourceTree = "<group>"; };
		267049352DAE9188F208C3CD /* PrivateNotesVerificationView.swift */ = {isa = PBXFileReference; lastKnownFileType = sourcecode.swift; path = PrivateNotesVerificationView.swift; sourceTree = "<group>"; };
		2D1BC66E825FCA59E6265BA0 /* logger.js */ = {isa = PBXFileReference; lastKnownFileType = sourcecode.javascript; path = logger.js; sourceTree = "<group>"; };
		3092A97CC0447E6037F29D7D /* format-commands.js */ = {isa = PBXFileReference; lastKnownFileType = sourcecode.javascript; path = "format-commands.js"; sourceTree = "<group>"; };
		326B6CDEA90A138001CE28BE /* command.js */ = {isa = PBXFileReference; lastKnownFileType = sourcecode.javascript; path = command.js; sourceTree = "<group>"; };
		330447DDB151694673431B9E /* MiNoteLibrary.framework */ = {isa = PBXFileReference; explicitFileType = wrapper.framework; includeInIndex = 0; path = MiNoteLibrary.framework; sourceTree = BUILT_PRODUCTS_DIR; };
		36E1DCA83D1D4EDD382A1431 /* converter.js */ = {isa = PBXFileReference; lastKnownFileType = sourcecode.javascript; path = converter.js; sourceTree = "<group>"; };
		37620C953116D1808597F0E2 /* SettingsView.swift */ = {isa = PBXFileReference; lastKnownFileType = sourcecode.swift; path = SettingsView.swift; sourceTree = "<group>"; };
		3B00E144F0064250DE47B3E8 /* App.swift */ = {isa = PBXFileReference; lastKnownFileType = sourcecode.swift; path = App.swift; sourceTree = "<group>"; };
		472605C7F497F10AA75729E8 /* MiNoteService+Encryption.swift */ = {isa = PBXFileReference; lastKnownFileType = sourcecode.swift; path = "MiNoteService+Encryption.swift"; sourceTree = "<group>"; };
		47D76C86E30A5062CAF94D0A /* NotesListView.swift */ = {isa = PBXFileReference; lastKnownFileType = sourcecode.swift; path = NotesListView.swift; sourceTree = "<group>"; };
		500355D503C6A92884FBE6EB /* schema.js */ = {isa = PBXFileReference; lastKnownFileType = sourcecode.javascript; path = schema.js; sourceTree = "<group>"; };
		533E3B8250B026616EAA01E7 /* AppDelegate.swift */ = {isa = PBXFileReference; lastKnownFileType = sourcecode.swift; path = AppDelegate.swift; sourceTree = "<group>"; };
		56F5EDD8E69C0A0FFA4F2732 /* SyncService.swift */ = {isa = PBXFileReference; lastKnownFileType = sourcecode.swift; path = SyncService.swift; sourceTree = "<group>"; };
		587A0C9CB4BD8A71F364C4E7 /* MiNoteService.swift */ = {isa = PBXFileReference; lastKnownFileType = sourcecode.swift; path = MiNoteService.swift; sourceTree = "<group>"; };
		59F444DD3ECD304A51795C2D /* LocalStorageService.swift */ = {isa = PBXFileReference; lastKnownFileType = sourcecode.swift; path = LocalStorageService.swift; sourceTree = "<group>"; };
		5AD7737B17EA30B449AC8E0B /* test_conversion.html */ = {isa = PBXFileReference; lastKnownFileType = text.html; path = test_conversion.html; sourceTree = "<group>"; };
		5CEDFC3A4E1683942C638AA6 /* format.js */ = {isa = PBXFileReference; lastKnownFileType = sourcecode.javascript; path = format.js; sourceTree = "<group>"; };
		632AE8138B187A2F6ED09E76 /* SidebarViewController.swift */ = {isa = PBXFileReference; lastKnownFileType = sourcecode.swift; path = SidebarViewController.swift; sourceTree = "<group>"; };
		656CF1ABBE00D47C91C58825 /* SearchFilterPopoverView.swift */ = {isa = PBXFileReference; lastKnownFileType = sourcecode.swift; path = SearchFilterPopoverView.swift; sourceTree = "<group>"; };
		65F4CA4C377B8F6432830973 /* SaveQueueManager.swift */ = {isa = PBXFileReference; lastKnownFileType = sourcecode.swift; path = SaveQueueManager.swift; sourceTree = "<group>"; };
		66D2F6355137DF2A36AB43A1 /* editor-core.js */ = {isa = PBXFileReference; lastKnownFileType = sourcecode.javascript; path = "editor-core.js"; sourceTree = "<group>"; };
		67917212F5E4E25DAC1323B8 /* PrivateNotesPasswordManager.swift */ = {isa = PBXFileReference; lastKnownFileType = sourcecode.swift; path = PrivateNotesPasswordManager.swift; sourceTree = "<group>"; };
		6853075177D064F22A52217D /* constants.js */ = {isa = PBXFileReference; lastKnownFileType = sourcecode.javascript; path = constants.js; sourceTree = "<group>"; };
		69CFDE04E9E0F11ADB6BA523 /* MiNoteToolbarItem.swift */ = {isa = PBXFileReference; lastKnownFileType = sourcecode.swift; path = MiNoteToolbarItem.swift; sourceTree = "<group>"; };
		72E5D90179534FDB1FCB4D3B /* MemoryCacheManager.swift */ = {isa = PBXFileReference; lastKnownFileType = sourcecode.swift; path = MemoryCacheManager.swift; sourceTree = "<group>"; };
		74F278F5BBD4B70EA041DA41 /* PrivateNotesPasswordInputDialogView.swift */ = {isa = PBXFileReference; lastKnownFileType = sourcecode.swift; path = PrivateNotesPasswordInputDialogView.swift; sourceTree = "<group>"; };
		7D618654ECC216026290166E /* DebugSettingsView.swift */ = {isa = PBXFileReference; lastKnownFileType = sourcecode.swift; path = DebugSettingsView.swift; sourceTree = "<group>"; };
		7E78992CF7765CE27B05A0BF /* Assets.xcassets */ = {isa = PBXFileReference; lastKnownFileType = folder.assetcatalog; path = Assets.xcassets; sourceTree = "<group>"; };
		811806EC0E2194915D9D09EF /* NoteDetailWindowView.swift */ = {isa = PBXFileReference; lastKnownFileType = sourcecode.swift; path = NoteDetailWindowView.swift; sourceTree = "<group>"; };
		893322552395E9A65891443B /* NoteHistoryVersion.swift */ = {isa = PBXFileReference; lastKnownFileType = sourcecode.swift; path = NoteHistoryVersion.swift; sourceTree = "<group>"; };
		898C9309B77A6A5420C38CD3 /* SilentCookieRefreshManager.swift */ = {isa = PBXFileReference; lastKnownFileType = sourcecode.swift; path = SilentCookieRefreshManager.swift; sourceTree = "<group>"; };
		899BCC1A64E0C7397963A22B /* ContentView.swift */ = {isa = PBXFileReference; lastKnownFileType = sourcecode.swift; path = ContentView.swift; sourceTree = "<group>"; };
		8DABBA558AF7A542954D34B0 /* utils.js */ = {isa = PBXFileReference; lastKnownFileType = sourcecode.javascript; path = utils.js; sourceTree = "<group>"; };
		8EDA3A1944D58E986F09ACC2 /* TrashView.swift */ = {isa = PBXFileReference; lastKnownFileType = sourcecode.swift; path = TrashView.swift; sourceTree = "<group>"; };
		8EF6707EE2D91F9759ED9DF6 /* TitleEditorView.swift */ = {isa = PBXFileReference; lastKnownFileType = sourcecode.swift; path = TitleEditorView.swift; sourceTree = "<group>"; };
		9068384E480C43A4782447D5 /* NoteDetailViewController.swift */ = {isa = PBXFileReference; lastKnownFileType = sourcecode.swift; path = NoteDetailViewController.swift; sourceTree = "<group>"; };
		923F59BDC12096B1079DCCAC /* OfflineOperationProcessor.swift */ = {isa = PBXFileReference; lastKnownFileType = sourcecode.swift; path = OfflineOperationProcessor.swift; sourceTree = "<group>"; };
		93F58175B8166C1178A6C65F /* ToolbarIdentifiers.swift */ = {isa = PBXFileReference; lastKnownFileType = sourcecode.swift; path = ToolbarIdentifiers.swift; sourceTree = "<group>"; };
		97270EFAE55440EEDAA01661 /* LoginView.swift */ = {isa = PBXFileReference; lastKnownFileType = sourcecode.swift; path = LoginView.swift; sourceTree = "<group>"; };
		97970D72282389A8D20C6FE6 /* SearchFilterMenuContent.swift */ = {isa = PBXFileReference; lastKnownFileType = sourcecode.swift; path = SearchFilterMenuContent.swift; sourceTree = "<group>"; };
		9C5B9382487C27C0DCE9537A /* CookieRefreshView.swift */ = {isa = PBXFileReference; lastKnownFileType = sourcecode.swift; path = CookieRefreshView.swift; sourceTree = "<group>"; };
		9F2C615735DE267A1EAE380A /* MainWindowController.swift */ = {isa = PBXFileReference; lastKnownFileType = sourcecode.swift; path = MainWindowController.swift; sourceTree = "<group>"; };
		A04FD1339788ACE36FA29BB7 /* OnlineStatusIndicator.swift */ = {isa = PBXFileReference; lastKnownFileType = sourcecode.swift; path = OnlineStatusIndicator.swift; sourceTree = "<group>"; };
		A1C4E037258B408823B836F9 /* post-fixer.js */ = {isa = PBXFileReference; lastKnownFileType = sourcecode.javascript; path = "post-fixer.js"; sourceTree = "<group>"; };
		ABFACD279C6322F4D5D253AA /* UserProfile.swift */ = {isa = PBXFileReference; lastKnownFileType = sourcecode.swift; path = UserProfile.swift; sourceTree = "<group>"; };
		AF646372B5CED37C5970C887 /* Note.swift */ = {isa = PBXFileReference; lastKnownFileType = sourcecode.swift; path = Note.swift; sourceTree = "<group>"; };
		B509D524C565BBD4F8EB495F /* NotesListViewController.swift */ = {isa = PBXFileReference; lastKnownFileType = sourcecode.swift; path = NotesListViewController.swift; sourceTree = "<group>"; };
		B687C7C496523D030C6BF1E8 /* NoteHistoryView.swift */ = {isa = PBXFileReference; lastKnownFileType = sourcecode.swift; path = NoteHistoryView.swift; sourceTree = "<group>"; };
		BC6D721B06B0AC3EC5F7F400 /* WebFormatMenuView.swift */ = {isa = PBXFileReference; lastKnownFileType = sourcecode.swift; path = WebFormatMenuView.swift; sourceTree = "<group>"; };
		BFF8E96AA0D85782AEBF114E /* MoveNoteView.swift */ = {isa = PBXFileReference; lastKnownFileType = sourcecode.swift; path = MoveNoteView.swift; sourceTree = "<group>"; };
		C2707995632193C250FB2E95 /* Folder.swift */ = {isa = PBXFileReference; lastKnownFileType = sourcecode.swift; path = Folder.swift; sourceTree = "<group>"; };
		C2A7E0D6082D1B95BF67884B /* dom-writer.js */ = {isa = PBXFileReference; lastKnownFileType = sourcecode.javascript; path = "dom-writer.js"; sourceTree = "<group>"; };
		C50C112F6B4452CE0180EB74 /* NetworkLogger.swift */ = {isa = PBXFileReference; lastKnownFileType = sourcecode.swift; path = NetworkLogger.swift; sourceTree = "<group>"; };
		CA2495E26B536E5D534F7166 /* selection.js */ = {isa = PBXFileReference; lastKnownFileType = sourcecode.javascript; path = selection.js; sourceTree = "<group>"; };
		CAD77259664AE993C6B5E2C0 /* WebEditorView.swift */ = {isa = PBXFileReference; lastKnownFileType = sourcecode.swift; path = WebEditorView.swift; sourceTree = "<group>"; };
		CBBC020E25BCB11B9BAEA348 /* DeletedNote.swift */ = {isa = PBXFileReference; lastKnownFileType = sourcecode.swift; path = DeletedNote.swift; sourceTree = "<group>"; };
		CCDFFDADBC26BAD5769E0663 /* AuthenticationStateManager.swift */ = {isa = PBXFileReference; lastKnownFileType = sourcecode.swift; path = AuthenticationStateManager.swift; sourceTree = "<group>"; };
		CF861A44261EC4A460445881 /* test-cursor.html */ = {isa = PBXFileReference; lastKnownFileType = text.html; path = "test-cursor.html"; sourceTree = "<group>"; };
		D04FB39FE156910F809839C7 /* index.js */ = {isa = PBXFileReference; lastKnownFileType = sourcecode.javascript; path = index.js; sourceTree = "<group>"; };
		D0E57318E0E7816DE9095F9F /* NoteDetailView.swift */ = {isa = PBXFileReference; lastKnownFileType = sourcecode.swift; path = NoteDetailView.swift; sourceTree = "<group>"; };
		D1242BCD0C14D74FC284EE21 /* editor-api.js */ = {isa = PBXFileReference; lastKnownFileType = sourcecode.javascript; path = "editor-api.js"; sourceTree = "<group>"; };
		D3119E8C539E7C9A6BA2EACC /* NewNoteView.swift */ = {isa = PBXFileReference; lastKnownFileType = sourcecode.swift; path = NewNoteView.swift; sourceTree = "<group>"; };
		D985EA418D15EBCC4B8D3954 /* OfflineOperationsProgressView.swift */ = {isa = PBXFileReference; lastKnownFileType = sourcecode.swift; path = OfflineOperationsProgressView.swift; sourceTree = "<group>"; };
		E4859FC7DF92EAA20C7ABF7C /* MiNoteMac.app */ = {isa = PBXFileReference; explicitFileType = wrapper.application; includeInIndex = 0; path = MiNoteMac.app; sourceTree = BUILT_PRODUCTS_DIR; };
		E53473BAEDF5B80BBCE0E138 /* xml-to-html.js */ = {isa = PBXFileReference; lastKnownFileType = sourcecode.javascript; path = "xml-to-html.js"; sourceTree = "<group>"; };
		E96848A89E889965E1FD0F45 /* manager.js */ = {isa = PBXFileReference; lastKnownFileType = sourcecode.javascript; path = manager.js; sourceTree = "<group>"; };
		EB7DA1260B29B5C7649DE73D /* ContentView.swift.backup */ = {isa = PBXFileReference; path = ContentView.swift.backup; sourceTree = "<group>"; };
		F093E6D53768A49E34C7A67B /* html-to-xml.js */ = {isa = PBXFileReference; lastKnownFileType = sourcecode.javascript; path = "html-to-xml.js"; sourceTree = "<group>"; };
		F9D1C6CACE3C147825607106 /* OfflineOperationQueue.swift */ = {isa = PBXFileReference; lastKnownFileType = sourcecode.swift; path = OfflineOperationQueue.swift; sourceTree = "<group>"; };
		FD207EE8B8B6BA3F68642127 /* enter-handler.js */ = {isa = PBXFileReference; lastKnownFileType = sourcecode.javascript; path = "enter-handler.js"; sourceTree = "<group>"; };
/* End PBXFileReference section */

/* Begin PBXFrameworksBuildPhase section */
		1AAC36BBA7ED816CB6C70ADF /* Frameworks */ = {
			isa = PBXFrameworksBuildPhase;
			buildActionMask = 2147483647;
			files = (
				21D18111453D5C66791D221D /* MiNoteLibrary.framework in Frameworks */,
			);
			runOnlyForDeploymentPostprocessing = 0;
		};
/* End PBXFrameworksBuildPhase section */

/* Begin PBXGroup section */
		05D824BE50DF120D2EBE2AE5 /* command */ = {
			isa = PBXGroup;
			children = (
				326B6CDEA90A138001CE28BE /* command.js */,
				3092A97CC0447E6037F29D7D /* format-commands.js */,
			);
			path = command;
			sourceTree = "<group>";
		};
		078D2DBD1786BE31B26EAB6E /* converter */ = {
			isa = PBXGroup;
			children = (
				36E1DCA83D1D4EDD382A1431 /* converter.js */,
			);
			path = converter;
			sourceTree = "<group>";
		};
		0F2ED9F3129BA45C7731AB4B /* editor */ = {
			isa = PBXGroup;
			children = (
				078D4E571F6E47E59B01D8D1 /* cursor.js */,
				D1242BCD0C14D74FC284EE21 /* editor-api.js */,
				66D2F6355137DF2A36AB43A1 /* editor-core.js */,
				1A7658B8BAA53B9D317693F7 /* editor-init.js */,
				FD207EE8B8B6BA3F68642127 /* enter-handler.js */,
			);
			path = editor;
			sourceTree = "<group>";
		};
		2AAAC042B70044610BBABFC5 /* Web */ = {
			isa = PBXGroup;
			children = (
				05E7B38F6108DA4E6A03089C /* editor.html */,
				21ABB7492D465FD413582C52 /* editor.html.backup */,
				F093E6D53768A49E34C7A67B /* html-to-xml.js */,
				5AD7737B17EA30B449AC8E0B /* test_conversion.html */,
				CF861A44261EC4A460445881 /* test-cursor.html */,
				E53473BAEDF5B80BBCE0E138 /* xml-to-html.js */,
				9DA7D972E5FF2C5A748C7F8E /* modules */,
			);
			path = Web;
			sourceTree = "<group>";
		};
		2D7704AE54BE01D728CA84E6 /* View */ = {
			isa = PBXGroup;
			children = (
				899BCC1A64E0C7397963A22B /* ContentView.swift */,
				EB7DA1260B29B5C7649DE73D /* ContentView.swift.backup */,
				211F36DFAED7D1F3F3021307 /* ContentView.swift.before-toolbar-fix */,
				9C5B9382487C27C0DCE9537A /* CookieRefreshView.swift */,
				7D618654ECC216026290166E /* DebugSettingsView.swift */,
				97270EFAE55440EEDAA01661 /* LoginView.swift */,
				BFF8E96AA0D85782AEBF114E /* MoveNoteView.swift */,
				028A0CD24BAB7BF46FFBB48A /* NetworkLogView.swift */,
				D3119E8C539E7C9A6BA2EACC /* NewNoteView.swift */,
				D0E57318E0E7816DE9095F9F /* NoteDetailView.swift */,
				9068384E480C43A4782447D5 /* NoteDetailViewController.swift */,
				811806EC0E2194915D9D09EF /* NoteDetailWindowView.swift */,
				B687C7C496523D030C6BF1E8 /* NoteHistoryView.swift */,
				47D76C86E30A5062CAF94D0A /* NotesListView.swift */,
				B509D524C565BBD4F8EB495F /* NotesListViewController.swift */,
				D985EA418D15EBCC4B8D3954 /* OfflineOperationsProgressView.swift */,
				74F278F5BBD4B70EA041DA41 /* PrivateNotesPasswordInputDialogView.swift */,
				267049352DAE9188F208C3CD /* PrivateNotesVerificationView.swift */,
				97970D72282389A8D20C6FE6 /* SearchFilterMenuContent.swift */,
				656CF1ABBE00D47C91C58825 /* SearchFilterPopoverView.swift */,
				37620C953116D1808597F0E2 /* SettingsView.swift */,
				632AE8138B187A2F6ED09E76 /* SidebarViewController.swift */,
				8EF6707EE2D91F9759ED9DF6 /* TitleEditorView.swift */,
				8EDA3A1944D58E986F09ACC2 /* TrashView.swift */,
				1B325C84FAE102FC3949E0D9 /* WebEditorContext.swift */,
				CAD77259664AE993C6B5E2C0 /* WebEditorView.swift */,
				14341E6F50CEB67D65922396 /* WebEditorWrapper.swift */,
				BC6D721B06B0AC3EC5F7F400 /* WebFormatMenuView.swift */,
			);
			path = View;
			sourceTree = "<group>";
		};
		2DD5AEAE161EBE29E11A95B1 /* Window */ = {
			isa = PBXGroup;
			children = (
				9F2C615735DE267A1EAE380A /* MainWindowController.swift */,
				69CFDE04E9E0F11ADB6BA523 /* MiNoteToolbarItem.swift */,
				A04FD1339788ACE36FA29BB7 /* OnlineStatusIndicator.swift */,
				93F58175B8166C1178A6C65F /* ToolbarIdentifiers.swift */,
			);
			path = Window;
			sourceTree = "<group>";
		};
		35BBF0899E592177F9F49D3A = {
			isa = PBXGroup;
			children = (
				7F791109747952ED64F68037 /* MiNoteLibrary */,
				FF00D46E18151BB29A967A42 /* MiNoteMac */,
				E36C01639E475CC428F4308B /* Products */,
			);
			sourceTree = "<group>";
		};
		443AD2E33FB405A4D7B6AC21 /* Resources */ = {
			isa = PBXGroup;
			children = (
				7E78992CF7765CE27B05A0BF /* Assets.xcassets */,
			);
			path = Resources;
			sourceTree = "<group>";
		};
		4865F240E12581E825C484CE /* core */ = {
			isa = PBXGroup;
			children = (
				6853075177D064F22A52217D /* constants.js */,
				2D1BC66E825FCA59E6265BA0 /* logger.js */,
				8DABBA558AF7A542954D34B0 /* utils.js */,
			);
			path = core;
			sourceTree = "<group>";
		};
		66A903903A41DF1BFC935DA9 /* cursor */ = {
			isa = PBXGroup;
			children = (
				D04FB39FE156910F809839C7 /* index.js */,
				E96848A89E889965E1FD0F45 /* manager.js */,
				0873DF4D533393A23BC9A7ED /* position.js */,
				A1C4E037258B408823B836F9 /* post-fixer.js */,
				500355D503C6A92884FBE6EB /* schema.js */,
				CA2495E26B536E5D534F7166 /* selection.js */,
			);
			path = cursor;
			sourceTree = "<group>";
		};
		6E60B56FB0B1DD732948B741 /* ViewModel */ = {
			isa = PBXGroup;
			children = (
				019A488CCA2E1E21AF8361E0 /* NotesViewModel.swift */,
			);
			path = ViewModel;
			sourceTree = "<group>";
		};
		71C1CBCE0128F1BD39E25815 /* format */ = {
			isa = PBXGroup;
			children = (
				5CEDFC3A4E1683942C638AA6 /* format.js */,
			);
			path = format;
			sourceTree = "<group>";
		};
		7F791109747952ED64F68037 /* MiNoteLibrary */ = {
			isa = PBXGroup;
			children = (
				9D5FE6CE093AAAFE063E4951 /* Model */,
				F0A3C84C8F6563BB0061A02C /* Service */,
				2D7704AE54BE01D728CA84E6 /* View */,
				6E60B56FB0B1DD732948B741 /* ViewModel */,
				2AAAC042B70044610BBABFC5 /* Web */,
				2DD5AEAE161EBE29E11A95B1 /* Window */,
			);
			name = MiNoteLibrary;
			path = Sources/MiNoteLibrary;
			sourceTree = "<group>";
		};
		9D5FE6CE093AAAFE063E4951 /* Model */ = {
			isa = PBXGroup;
			children = (
				CBBC020E25BCB11B9BAEA348 /* DeletedNote.swift */,
				C2707995632193C250FB2E95 /* Folder.swift */,
				AF646372B5CED37C5970C887 /* Note.swift */,
				893322552395E9A65891443B /* NoteHistoryVersion.swift */,
				ABFACD279C6322F4D5D253AA /* UserProfile.swift */,
			);
			path = Model;
			sourceTree = "<group>";
		};
		9DA7D972E5FF2C5A748C7F8E /* modules */ = {
			isa = PBXGroup;
			children = (
				05D824BE50DF120D2EBE2AE5 /* command */,
				078D2DBD1786BE31B26EAB6E /* converter */,
				4865F240E12581E825C484CE /* core */,
				66A903903A41DF1BFC935DA9 /* cursor */,
				EB3E5F4D917155AA23AFB2E6 /* dom */,
				0F2ED9F3129BA45C7731AB4B /* editor */,
				71C1CBCE0128F1BD39E25815 /* format */,
			);
			path = modules;
			sourceTree = "<group>";
		};
		E36C01639E475CC428F4308B /* Products */ = {
			isa = PBXGroup;
			children = (
				330447DDB151694673431B9E /* MiNoteLibrary.framework */,
				E4859FC7DF92EAA20C7ABF7C /* MiNoteMac.app */,
			);
			name = Products;
			sourceTree = "<group>";
		};
		EB3E5F4D917155AA23AFB2E6 /* dom */ = {
			isa = PBXGroup;
			children = (
				C2A7E0D6082D1B95BF67884B /* dom-writer.js */,
			);
			path = dom;
			sourceTree = "<group>";
		};
		F0A3C84C8F6563BB0061A02C /* Service */ = {
			isa = PBXGroup;
			children = (
				CCDFFDADBC26BAD5769E0663 /* AuthenticationStateManager.swift */,
				02B1D7E624DF253C07C01376 /* DatabaseService.swift */,
				59F444DD3ECD304A51795C2D /* LocalStorageService.swift */,
				72E5D90179534FDB1FCB4D3B /* MemoryCacheManager.swift */,
				587A0C9CB4BD8A71F364C4E7 /* MiNoteService.swift */,
				472605C7F497F10AA75729E8 /* MiNoteService+Encryption.swift */,
				C50C112F6B4452CE0180EB74 /* NetworkLogger.swift */,
				19CE08A1CDCF94C551D20E51 /* NetworkMonitor.swift */,
				923F59BDC12096B1079DCCAC /* OfflineOperationProcessor.swift */,
				F9D1C6CACE3C147825607106 /* OfflineOperationQueue.swift */,
				67917212F5E4E25DAC1323B8 /* PrivateNotesPasswordManager.swift */,
				65F4CA4C377B8F6432830973 /* SaveQueueManager.swift */,
				898C9309B77A6A5420C38CD3 /* SilentCookieRefreshManager.swift */,
				56F5EDD8E69C0A0FFA4F2732 /* SyncService.swift */,
			);
			path = Service;
			sourceTree = "<group>";
		};
		FF00D46E18151BB29A967A42 /* MiNoteMac */ = {
			isa = PBXGroup;
			children = (
				3B00E144F0064250DE47B3E8 /* App.swift */,
				533E3B8250B026616EAA01E7 /* AppDelegate.swift */,
				443AD2E33FB405A4D7B6AC21 /* Resources */,
			);
			name = MiNoteMac;
			path = Sources/MiNoteMac;
			sourceTree = "<group>";
		};
/* End PBXGroup section */

/* Begin PBXNativeTarget section */
		232A4CD56DA5C94820886B74 /* MiNoteLibrary */ = {
			isa = PBXNativeTarget;
			buildConfigurationList = 97A8611189E3F62654430ADE /* Build configuration list for PBXNativeTarget "MiNoteLibrary" */;
			buildPhases = (
				CC9EEF7062AB90AD32B6CFB2 /* Sources */,
				5F03A44D6D1259C0A23E514B /* Resources */,
			);
			buildRules = (
			);
			dependencies = (
			);
			name = MiNoteLibrary;
			packageProductDependencies = (
			);
			productName = MiNoteLibrary;
			productReference = 330447DDB151694673431B9E /* MiNoteLibrary.framework */;
			productType = "com.apple.product-type.framework";
		};
		D24DAD724A999670EE75D089 /* MiNoteMac */ = {
			isa = PBXNativeTarget;
			buildConfigurationList = CDCC672759D2DCA242BB0306 /* Build configuration list for PBXNativeTarget "MiNoteMac" */;
			buildPhases = (
				52224CB34CDC6FEDAC2A236F /* Sources */,
				8C19332CF6F60445318CD7E6 /* Resources */,
				1AAC36BBA7ED816CB6C70ADF /* Frameworks */,
				2D69F786639E49791BAEDE19 /* Embed Frameworks */,
			);
			buildRules = (
			);
			dependencies = (
				9361876CA7112C10F5588F86 /* PBXTargetDependency */,
			);
			name = MiNoteMac;
			packageProductDependencies = (
			);
			productName = MiNoteMac;
			productReference = E4859FC7DF92EAA20C7ABF7C /* MiNoteMac.app */;
			productType = "com.apple.product-type.application";
		};
/* End PBXNativeTarget section */

/* Begin PBXProject section */
		81355B570EBB2374DE65DBBC /* Project object */ = {
			isa = PBXProject;
			attributes = {
				BuildIndependentTargetsInParallel = YES;
				LastUpgradeCheck = 1500;
			};
			buildConfigurationList = 73AC666F62BCE7EDDA9F8CE6 /* Build configuration list for PBXProject "MiNoteMac" */;
			compatibilityVersion = "Xcode 14.0";
			developmentRegion = "zh-Hans";
			hasScannedForEncodings = 0;
			knownRegions = (
				Base,
				"zh-Hans",
			);
			mainGroup = 35BBF0899E592177F9F49D3A;
			minimizedProjectReferenceProxies = 1;
			preferredProjectObjectVersion = 77;
			projectDirPath = "";
			projectRoot = "";
			targets = (
				232A4CD56DA5C94820886B74 /* MiNoteLibrary */,
				D24DAD724A999670EE75D089 /* MiNoteMac */,
			);
		};
/* End PBXProject section */

/* Begin PBXResourcesBuildPhase section */
		5F03A44D6D1259C0A23E514B /* Resources */ = {
			isa = PBXResourcesBuildPhase;
			buildActionMask = 2147483647;
			files = (
				96E9B51978B592EA7FE05B4C /* ContentView.swift.backup in Resources */,
				ED3380E44C8C2DC16B402666 /* ContentView.swift.before-toolbar-fix in Resources */,
				ADD0146E1BE937721204470A /* command.js in Resources */,
				8E224940EA8DAD943B779435 /* constants.js in Resources */,
				8C460A8A16B1460FA3980AE2 /* converter.js in Resources */,
				FF05111DF3CFC20FD2668C49 /* cursor.js in Resources */,
				380B5C22603CD7A73FCA7048 /* dom-writer.js in Resources */,
				A50D35F35B68BEB7442EDFD4 /* editor-api.js in Resources */,
				E2170B942DACD395A5AFC5F0 /* editor-core.js in Resources */,
				EAA410BF9B12066935AB9F60 /* editor-init.js in Resources */,
				45881967D52E9420F5F8DE5F /* editor.html in Resources */,
				E32BB00C6556002C93504A3C /* editor.html.backup in Resources */,
				4F83BF03D00F6546DEFF8774 /* enter-handler.js in Resources */,
				42B3F129C0F3CD9494816807 /* format-commands.js in Resources */,
				30E42EC264E33F072E754940 /* format.js in Resources */,
				F6443DE63F084A3D5C30E780 /* html-to-xml.js in Resources */,
				86C6AB80FFE52419D0A00654 /* index.js in Resources */,
				06B4B67ABE65F6B7E91263DB /* logger.js in Resources */,
				4819A522D039D6F700CED689 /* manager.js in Resources */,
				2DC8B9EE250FBC96BD8A60F1 /* position.js in Resources */,
				2C31F05FF943E69F38DC2B94 /* post-fixer.js in Resources */,
				AFD69864EB89AA892CE7163B /* schema.js in Resources */,
				E9C17037119996030211EA52 /* selection.js in Resources */,
				595CD8D08A87782300E7850E /* test-cursor.html in Resources */,
				B3B66545FA4D9A18E16362C9 /* test_conversion.html in Resources */,
				3CAF3AEA0D295ECC053CFB20 /* utils.js in Resources */,
				1B08E6568B52420DBD7DB1F6 /* xml-to-html.js in Resources */,
			);
			runOnlyForDeploymentPostprocessing = 0;
		};
		8C19332CF6F60445318CD7E6 /* Resources */ = {
			isa = PBXResourcesBuildPhase;
			buildActionMask = 2147483647;
			files = (
				9BCD207D7B2B39AF4505E2F5 /* Assets.xcassets in Resources */,
			);
			runOnlyForDeploymentPostprocessing = 0;
		};
/* End PBXResourcesBuildPhase section */

/* Begin PBXSourcesBuildPhase section */
		52224CB34CDC6FEDAC2A236F /* Sources */ = {
			isa = PBXSourcesBuildPhase;
			buildActionMask = 2147483647;
			files = (
				D4C433F7392D5562CA17466D /* App.swift in Sources */,
				920B98155C18DEF2849CD800 /* AppDelegate.swift in Sources */,
			);
			runOnlyForDeploymentPostprocessing = 0;
		};
		CC9EEF7062AB90AD32B6CFB2 /* Sources */ = {
			isa = PBXSourcesBuildPhase;
			buildActionMask = 2147483647;
			files = (
				8A2C981878DCE366A3D9C201 /* AuthenticationStateManager.swift in Sources */,
				08E355BA0F55B6147B818BB7 /* ContentView.swift in Sources */,
				22C94CA469B328552068483E /* CookieRefreshView.swift in Sources */,
				13A3D0BE46C8453AE5A5AC57 /* DatabaseService.swift in Sources */,
				B1126FD8C91399CA66D798E5 /* DebugSettingsView.swift in Sources */,
				04ABF34CEB3F37ED07884B72 /* DeletedNote.swift in Sources */,
				49180BDC746E4820429FD773 /* Folder.swift in Sources */,
				DAD3F0D38E114C0631F9F25B /* LocalStorageService.swift in Sources */,
				EADD025D0D4A5C156FAC563C /* LoginView.swift in Sources */,
				E85A359AAEEA6FDDBE598B6E /* MainWindowController.swift in Sources */,
				87F4D57925A5A920320D773A /* MemoryCacheManager.swift in Sources */,
				FCBE7E18A4C05938D23B1568 /* MiNoteService+Encryption.swift in Sources */,
				46146E87652EBF78CBD635C8 /* MiNoteService.swift in Sources */,
				56205409C6CC29995B590BEB /* MiNoteToolbarItem.swift in Sources */,
				DEAA2E4DCB56E13E68C2E4DF /* MoveNoteView.swift in Sources */,
				8BD76061009C76B4112E81C4 /* NetworkLogView.swift in Sources */,
				0CCDEBB4DB6B30FF58A99676 /* NetworkLogger.swift in Sources */,
				1DF15B463E6D141AD6A04E0D /* NetworkMonitor.swift in Sources */,
				615881628A721CC39363FC3B /* NewNoteView.swift in Sources */,
				DA77A42F8FDBD2DCB66D4E32 /* Note.swift in Sources */,
				AE321F1F3598F5F63850CF7A /* NoteDetailView.swift in Sources */,
				E7F4F8DCB84703B1AC74BAB5 /* NoteDetailViewController.swift in Sources */,
				77440C573F9033B3E19C82F4 /* NoteDetailWindowView.swift in Sources */,
				20BB627F98823947C2399384 /* NoteHistoryVersion.swift in Sources */,
				F809C6D6D90E023552ADD361 /* NoteHistoryView.swift in Sources */,
				08DA95CC567BE3D0EF366883 /* NotesListView.swift in Sources */,
				7D738C3CEFA0A5BDAFB35D29 /* NotesListViewController.swift in Sources */,
				A13B020ABBDB66D9C2EA0B9C /* NotesViewModel.swift in Sources */,
				90091F8C80321F3D5A7D0F26 /* OfflineOperationProcessor.swift in Sources */,
				18021F0E3CE77ABC9062D4DD /* OfflineOperationQueue.swift in Sources */,
				139578205178D209C7B19D54 /* OfflineOperationsProgressView.swift in Sources */,
				FEBAABB084C90F3A265BCA3F /* OnlineStatusIndicator.swift in Sources */,
				D45B1D189AB9CF4C5B54DF18 /* PrivateNotesPasswordInputDialogView.swift in Sources */,
				1EF734C3CCAC409ED6D83B08 /* PrivateNotesPasswordManager.swift in Sources */,
				54D0D41F656932E9F1BFCBB2 /* PrivateNotesVerificationView.swift in Sources */,
				AF1776F02B8D6C2D5F5DCF08 /* SaveQueueManager.swift in Sources */,
				F88CEF3DE968EF9C470B0DA7 /* SearchFilterMenuContent.swift in Sources */,
				2E5AA27233094706C852A3EB /* SearchFilterPopoverView.swift in Sources */,
				F511BA2AB66C264174ED8BD4 /* SettingsView.swift in Sources */,
				C0328B947841B1610C9635A5 /* SidebarViewController.swift in Sources */,
				854B3DE3823E519D0CACD8BA /* SilentCookieRefreshManager.swift in Sources */,
				67B51E3FF8FED57EB63E000F /* SyncService.swift in Sources */,
				8EC27E72E7C0EF2AAD95BF84 /* TitleEditorView.swift in Sources */,
				69AC7E2D4C9A4F313C1AC785 /* ToolbarIdentifiers.swift in Sources */,
				C69E97846A87C206C3894839 /* TrashView.swift in Sources */,
				5BA06AC75EFE646E631E0A69 /* UserProfile.swift in Sources */,
				0F5F13DCEB36876EE87B5D2B /* WebEditorContext.swift in Sources */,
				EC528F2178C1391F42AD260B /* WebEditorView.swift in Sources */,
				9DF9AB9CC71A52C3714C76D1 /* WebEditorWrapper.swift in Sources */,
				67BEA8E05D3C27BF275623E3 /* WebFormatMenuView.swift in Sources */,
			);
			runOnlyForDeploymentPostprocessing = 0;
		};
/* End PBXSourcesBuildPhase section */

/* Begin PBXTargetDependency section */
		9361876CA7112C10F5588F86 /* PBXTargetDependency */ = {
			isa = PBXTargetDependency;
			target = 232A4CD56DA5C94820886B74 /* MiNoteLibrary */;
			targetProxy = A769861F3EDD6FB8EA164C3E /* PBXContainerItemProxy */;
		};
/* End PBXTargetDependency section */

/* Begin XCBuildConfiguration section */
		05F5844AC9C70F658AD28F7E /* Release */ = {
			isa = XCBuildConfiguration;
			buildSettings = {
				ALWAYS_SEARCH_USER_PATHS = NO;
				CLANG_ANALYZER_NONNULL = YES;
				CLANG_ANALYZER_NUMBER_OBJECT_CONVERSION = YES_AGGRESSIVE;
				CLANG_CXX_LANGUAGE_STANDARD = "gnu++14";
				CLANG_CXX_LIBRARY = "libc++";
				CLANG_ENABLE_MODULES = YES;
				CLANG_ENABLE_OBJC_ARC = YES;
				CLANG_ENABLE_OBJC_WEAK = YES;
				CLANG_WARN_BLOCK_CAPTURE_AUTORELEASING = YES;
				CLANG_WARN_BOOL_CONVERSION = YES;
				CLANG_WARN_COMMA = YES;
				CLANG_WARN_CONSTANT_CONVERSION = YES;
				CLANG_WARN_DEPRECATED_OBJC_IMPLEMENTATIONS = YES;
				CLANG_WARN_DIRECT_OBJC_ISA_USAGE = YES_ERROR;
				CLANG_WARN_DOCUMENTATION_COMMENTS = YES;
				CLANG_WARN_EMPTY_BODY = YES;
				CLANG_WARN_ENUM_CONVERSION = YES;
				CLANG_WARN_INFINITE_RECURSION = YES;
				CLANG_WARN_INT_CONVERSION = YES;
				CLANG_WARN_NON_LITERAL_NULL_CONVERSION = YES;
				CLANG_WARN_OBJC_IMPLICIT_RETAIN_SELF = YES;
				CLANG_WARN_OBJC_LITERAL_CONVERSION = YES;
				CLANG_WARN_OBJC_ROOT_CLASS = YES_ERROR;
				CLANG_WARN_QUOTED_INCLUDE_IN_FRAMEWORK_HEADER = YES;
				CLANG_WARN_RANGE_LOOP_ANALYSIS = YES;
				CLANG_WARN_STRICT_PROTOTYPES = YES;
				CLANG_WARN_SUSPICIOUS_MOVE = YES;
				CLANG_WARN_UNGUARDED_AVAILABILITY = YES_AGGRESSIVE;
				CLANG_WARN_UNREACHABLE_CODE = YES;
				CLANG_WARN__DUPLICATE_METHOD_MATCH = YES;
				COPY_PHASE_STRIP = NO;
				DEBUG_INFORMATION_FORMAT = "dwarf-with-dsym";
				ENABLE_NS_ASSERTIONS = NO;
				ENABLE_STRICT_OBJC_MSGSEND = YES;
				GCC_C_LANGUAGE_STANDARD = gnu11;
				GCC_NO_COMMON_BLOCKS = YES;
				GCC_WARN_64_TO_32_BIT_CONVERSION = YES;
				GCC_WARN_ABOUT_RETURN_TYPE = YES_ERROR;
				GCC_WARN_UNDECLARED_SELECTOR = YES;
				GCC_WARN_UNINITIALIZED_AUTOS = YES_AGGRESSIVE;
				GCC_WARN_UNUSED_FUNCTION = YES;
				GCC_WARN_UNUSED_VARIABLE = YES;
				MACOSX_DEPLOYMENT_TARGET = 26.0;
				MTL_ENABLE_DEBUG_INFO = NO;
				MTL_FAST_MATH = YES;
				PRODUCT_NAME = "$(TARGET_NAME)";
				SDKROOT = macosx;
				SWIFT_COMPILATION_MODE = wholemodule;
				SWIFT_OPTIMIZATION_LEVEL = "-O";
				SWIFT_VERSION = 5.0;
			};
			name = Release;
		};
		1434C361BFB76100EC90AC73 /* Release */ = {
			isa = XCBuildConfiguration;
			buildSettings = {
				CODE_SIGN_IDENTITY = "";
				COMBINE_HIDPI_IMAGES = YES;
				CURRENT_PROJECT_VERSION = 1;
				DEFINES_MODULE = YES;
				DYLIB_COMPATIBILITY_VERSION = 1;
				DYLIB_CURRENT_VERSION = 1;
				DYLIB_INSTALL_NAME_BASE = "@rpath";
				GENERATE_INFOPLIST_FILE = YES;
				INSTALL_PATH = "$(LOCAL_LIBRARY_DIR)/Frameworks";
				LD_RUNPATH_SEARCH_PATHS = (
					"$(inherited)",
					"@executable_path/../Frameworks",
				);
				MACOSX_DEPLOYMENT_TARGET = 26.0;
				PRODUCT_BUNDLE_IDENTIFIER = com.minote.MiNoteLibrary;
				PRODUCT_NAME = MiNoteLibrary;
				SDKROOT = macosx;
				SKIP_INSTALL = YES;
				SWIFT_OPTIMIZATION_LEVEL = "-O";
				SWIFT_VERSION = 6.0;
				VERSIONING_SYSTEM = "apple-generic";
			};
			name = Release;
		};
		448C68BB6A2EC9A4AF516C83 /* Release */ = {
			isa = XCBuildConfiguration;
			buildSettings = {
				ASSETCATALOG_COMPILER_APPICON_NAME = AppIcon;
				COMBINE_HIDPI_IMAGES = YES;
				INFOPLIST_FILE = Info.plist;
				LD_RUNPATH_SEARCH_PATHS = (
					"$(inherited)",
					"@executable_path/../Frameworks",
				);
				MACOSX_DEPLOYMENT_TARGET = 26.0;
				PRODUCT_BUNDLE_IDENTIFIER = com.minote.MiNoteMac;
				PRODUCT_NAME = MiNoteMac;
				SDKROOT = macosx;
				SWIFT_OPTIMIZATION_LEVEL = "-O";
				SWIFT_VERSION = 6.0;
			};
			name = Release;
		};
		600E9CC8031EEB1049D6A3FA /* Debug */ = {
			isa = XCBuildConfiguration;
			buildSettings = {
				CODE_SIGN_IDENTITY = "";
				COMBINE_HIDPI_IMAGES = YES;
				CURRENT_PROJECT_VERSION = 1;
				DEBUG_INFORMATION_FORMAT = "dwarf-with-dsym";
				DEFINES_MODULE = YES;
				DYLIB_COMPATIBILITY_VERSION = 1;
				DYLIB_CURRENT_VERSION = 1;
				DYLIB_INSTALL_NAME_BASE = "@rpath";
				GENERATE_INFOPLIST_FILE = YES;
				INSTALL_PATH = "$(LOCAL_LIBRARY_DIR)/Frameworks";
				LD_RUNPATH_SEARCH_PATHS = (
					"$(inherited)",
					"@executable_path/../Frameworks",
				);
				MACOSX_DEPLOYMENT_TARGET = 26.0;
				PRODUCT_BUNDLE_IDENTIFIER = com.minote.MiNoteLibrary;
				PRODUCT_NAME = MiNoteLibrary;
				SDKROOT = macosx;
				SKIP_INSTALL = YES;
				SWIFT_OPTIMIZATION_LEVEL = "-Onone";
				SWIFT_VERSION = 6.0;
				VERSIONING_SYSTEM = "apple-generic";
			};
			name = Debug;
		};
		9200C758F77B18A9E10B87EF /* Debug */ = {
			isa = XCBuildConfiguration;
			buildSettings = {
				ALWAYS_SEARCH_USER_PATHS = NO;
				CLANG_ANALYZER_NONNULL = YES;
				CLANG_ANALYZER_NUMBER_OBJECT_CONVERSION = YES_AGGRESSIVE;
				CLANG_CXX_LANGUAGE_STANDARD = "gnu++14";
				CLANG_CXX_LIBRARY = "libc++";
				CLANG_ENABLE_MODULES = YES;
				CLANG_ENABLE_OBJC_ARC = YES;
				CLANG_ENABLE_OBJC_WEAK = YES;
				CLANG_WARN_BLOCK_CAPTURE_AUTORELEASING = YES;
				CLANG_WARN_BOOL_CONVERSION = YES;
				CLANG_WARN_COMMA = YES;
				CLANG_WARN_CONSTANT_CONVERSION = YES;
				CLANG_WARN_DEPRECATED_OBJC_IMPLEMENTATIONS = YES;
				CLANG_WARN_DIRECT_OBJC_ISA_USAGE = YES_ERROR;
				CLANG_WARN_DOCUMENTATION_COMMENTS = YES;
				CLANG_WARN_EMPTY_BODY = YES;
				CLANG_WARN_ENUM_CONVERSION = YES;
				CLANG_WARN_INFINITE_RECURSION = YES;
				CLANG_WARN_INT_CONVERSION = YES;
				CLANG_WARN_NON_LITERAL_NULL_CONVERSION = YES;
				CLANG_WARN_OBJC_IMPLICIT_RETAIN_SELF = YES;
				CLANG_WARN_OBJC_LITERAL_CONVERSION = YES;
				CLANG_WARN_OBJC_ROOT_CLASS = YES_ERROR;
				CLANG_WARN_QUOTED_INCLUDE_IN_FRAMEWORK_HEADER = YES;
				CLANG_WARN_RANGE_LOOP_ANALYSIS = YES;
				CLANG_WARN_STRICT_PROTOTYPES = YES;
				CLANG_WARN_SUSPICIOUS_MOVE = YES;
				CLANG_WARN_UNGUARDED_AVAILABILITY = YES_AGGRESSIVE;
				CLANG_WARN_UNREACHABLE_CODE = YES;
				CLANG_WARN__DUPLICATE_METHOD_MATCH = YES;
				COPY_PHASE_STRIP = NO;
				DEBUG_INFORMATION_FORMAT = dwarf;
				ENABLE_STRICT_OBJC_MSGSEND = YES;
				ENABLE_TESTABILITY = YES;
				GCC_C_LANGUAGE_STANDARD = gnu11;
				GCC_DYNAMIC_NO_PIC = NO;
				GCC_NO_COMMON_BLOCKS = YES;
				GCC_OPTIMIZATION_LEVEL = 0;
				GCC_PREPROCESSOR_DEFINITIONS = (
					"$(inherited)",
					"DEBUG=1",
				);
				GCC_WARN_64_TO_32_BIT_CONVERSION = YES;
				GCC_WARN_ABOUT_RETURN_TYPE = YES_ERROR;
				GCC_WARN_UNDECLARED_SELECTOR = YES;
				GCC_WARN_UNINITIALIZED_AUTOS = YES_AGGRESSIVE;
				GCC_WARN_UNUSED_FUNCTION = YES;
				GCC_WARN_UNUSED_VARIABLE = YES;
				MACOSX_DEPLOYMENT_TARGET = 26.0;
				MTL_ENABLE_DEBUG_INFO = INCLUDE_SOURCE;
				MTL_FAST_MATH = YES;
				ONLY_ACTIVE_ARCH = YES;
				PRODUCT_NAME = "$(TARGET_NAME)";
				SDKROOT = macosx;
				SWIFT_ACTIVE_COMPILATION_CONDITIONS = DEBUG;
				SWIFT_OPTIMIZATION_LEVEL = "-Onone";
				SWIFT_VERSION = 5.0;
			};
			name = Debug;
		};
		A7527F90D0500B8DF99DED71 /* Debug */ = {
			isa = XCBuildConfiguration;
			buildSettings = {
				ASSETCATALOG_COMPILER_APPICON_NAME = AppIcon;
				COMBINE_HIDPI_IMAGES = YES;
				DEBUG_INFORMATION_FORMAT = "dwarf-with-dsym";
				ENABLE_DEBUG_DYLIB = YES;
				INFOPLIST_FILE = Info.plist;
				LD_RUNPATH_SEARCH_PATHS = (
					"$(inherited)",
					"@executable_path/../Frameworks",
				);
				MACOSX_DEPLOYMENT_TARGET = 26.0;
				PRODUCT_BUNDLE_IDENTIFIER = com.minote.MiNoteMac;
				PRODUCT_NAME = MiNoteMac;
				SDKROOT = macosx;
				SWIFT_OPTIMIZATION_LEVEL = "-Onone";
				SWIFT_VERSION = 6.0;
			};
			name = Debug;
		};
/* End XCBuildConfiguration section */

/* Begin XCConfigurationList section */
		73AC666F62BCE7EDDA9F8CE6 /* Build configuration list for PBXProject "MiNoteMac" */ = {
			isa = XCConfigurationList;
			buildConfigurations = (
				9200C758F77B18A9E10B87EF /* Debug */,
				05F5844AC9C70F658AD28F7E /* Release */,
			);
			defaultConfigurationIsVisible = 0;
			defaultConfigurationName = Debug;
		};
		97A8611189E3F62654430ADE /* Build configuration list for PBXNativeTarget "MiNoteLibrary" */ = {
			isa = XCConfigurationList;
			buildConfigurations = (
				600E9CC8031EEB1049D6A3FA /* Debug */,
				1434C361BFB76100EC90AC73 /* Release */,
			);
			defaultConfigurationIsVisible = 0;
			defaultConfigurationName = Debug;
		};
		CDCC672759D2DCA242BB0306 /* Build configuration list for PBXNativeTarget "MiNoteMac" */ = {
			isa = XCConfigurationList;
			buildConfigurations = (
				A7527F90D0500B8DF99DED71 /* Debug */,
				448C68BB6A2EC9A4AF516C83 /* Release */,
			);
			defaultConfigurationIsVisible = 0;
			defaultConfigurationName = Debug;
		};
/* End XCConfigurationList section */
	};
	rootObject = 81355B570EBB2374DE65DBBC /* Project object */;
}
